
Microsoft Visual Studio Solution File, Format Version 12.00
# Visual Studio Version 17
VisualStudioVersion = 17.7.34003.232
MinimumVisualStudioVersion = 10.0.40219.1
Project("{FAE04EC0-301F-11D3-BF4B-00C04F79EFBC}") = "YazilimGerceklemeveTest_IlkYardım", "YazilimGerceklemeveTest_IlkYardım\YazilimGerceklemeveTest_IlkYardım.csproj", "{4719119A-9E87-4BFA-881B-0FAC0FB46A97}"
EndProject
Global
	GlobalSection(SolutionConfigurationPlatforms) = preSolution
		Debug|Any CPU = Debug|Any CPU
		Release|Any CPU = Release|Any CPU
	EndGlobalSection
	GlobalSection(ProjectConfigurationPlatforms) = postSolution
		{4719119A-9E87-4BFA-881B-0FAC0FB46A97}.Debug|Any CPU.ActiveCfg = Debug|Any CPU
		{4719119A-9E87-4BFA-881B-0FAC0FB46A97}.Debug|Any CPU.Build.0 = Debug|Any CPU
		{4719119A-9E87-4BFA-881B-0FAC0FB46A97}.Release|Any CPU.ActiveCfg = Release|Any CPU
		{4719119A-9E87-4BFA-881B-0FAC0FB46A97}.Release|Any CPU.Build.0 = Release|Any CPU
	EndGlobalSection
	GlobalSection(SolutionProperties) = preSolution
		HideSolutionNode = FALSE
	EndGlobalSection
	GlobalSection(ExtensibilityGlobals) = postSolution
		SolutionGuid = {4655FA53-EF8E-48F8-8736-3EEF8CB7D6A8}
	EndGlobalSection
EndGlobal
